{"filter":false,"title":"Gemfile.lock","tooltip":"/Gemfile.lock","undoManager":{"mark":0,"position":0,"stack":[[{"group":"doc","deltas":[{"action":"insertText","range":{"start":{"row":100,"column":0},"end":{"row":100,"column":35}},"text":"    twitter-bootstrap-rails (2.2.8)"},{"action":"insertText","range":{"start":{"row":100,"column":35},"end":{"row":101,"column":0}},"text":"\n"},{"action":"insertLines","range":{"start":{"row":101,"column":0},"end":{"row":105,"column":0}},"lines":["      actionpack (>= 3.1)","      execjs","      rails (>= 3.1)","      railties (>= 3.1)"]},{"action":"insertText","range":{"start":{"row":122,"column":0},"end":{"row":122,"column":25}},"text":"  twitter-bootstrap-rails"},{"action":"insertText","range":{"start":{"row":122,"column":25},"end":{"row":123,"column":0}},"text":"\n"}]}]]},"ace":{"folds":[],"scrolltop":0,"scrollleft":0,"selection":{"start":{"row":0,"column":0},"end":{"row":0,"column":0},"isBackwards":false},"options":{"guessTabSize":true,"useWrapMode":false,"wrapToView":true},"firstLineState":0},"timestamp":1406687493689,"hash":"b782d0abb13d9e45b71cd1a370f9162f526ac769"}